
Microsoft Visual Studio Solution File, Format Version 12.00
# Visual Studio 15
VisualStudioVersion = 15.0.28010.2041
MinimumVisualStudioVersion = 10.0.40219.1
Project("{FAE04EC0-301F-11D3-BF4B-00C04F79EFBC}") = "test.android", "test\test.Android\test.android.csproj", "{412E46BD-A970-4AED-AAA0-504791DF3AAA}"
EndProject
Project("{FAE04EC0-301F-11D3-BF4B-00C04F79EFBC}") = "rjcopello.iOS", "test\test.iOS\rjcopello.iOS.csproj", "{6D0B74BE-7C37-426E-9317-9C584306B7A2}"
EndProject
Project("{FAE04EC0-301F-11D3-BF4B-00C04F79EFBC}") = "test.UWP", "test\test.UWP\test.UWP.csproj", "{31447CC8-4695-419F-8422-213BDF903D11}"
EndProject
Project("{9A19103F-16F7-4668-BE54-9A1E7A4F7556}") = "test", "test\test\test.csproj", "{82CB67ED-1C51-45D6-A3B2-FBA9A83A6CF4}"
EndProject
Global
	GlobalSection(SolutionConfigurationPlatforms) = preSolution
		Ad-Hoc|Any CPU = Ad-Hoc|Any CPU
		Ad-Hoc|ARM = Ad-Hoc|ARM
		Ad-Hoc|iPhone = Ad-Hoc|iPhone
		Ad-Hoc|iPhoneSimulator = Ad-Hoc|iPhoneSimulator
		Ad-Hoc|x64 = Ad-Hoc|x64
		Ad-Hoc|x86 = Ad-Hoc|x86
		AppStore|Any CPU = AppStore|Any CPU
		AppStore|ARM = AppStore|ARM
		AppStore|iPhone = AppStore|iPhone
		AppStore|iPhoneSimulator = AppStore|iPhoneSimulator
		AppStore|x64 = AppStore|x64
		AppStore|x86 = AppStore|x86
		Debug|Any CPU = Debug|Any CPU
		Debug|ARM = Debug|ARM
		Debug|iPhone = Debug|iPhone
		Debug|iPhoneSimulator = Debug|iPhoneSimulator
		Debug|x64 = Debug|x64
		Debug|x86 = Debug|x86
		Release|Any CPU = Release|Any CPU
		Release|ARM = Release|ARM
		Release|iPhone = Release|iPhone
		Release|iPhoneSimulator = Release|iPhoneSimulator
		Release|x64 = Release|x64
		Release|x86 = Release|x86
	EndGlobalSection
	GlobalSection(ProjectConfigurationPlatforms) = postSolution
		{412E46BD-A970-4AED-AAA0-504791DF3AAA}.Ad-Hoc|Any CPU.ActiveCfg = Release|Any CPU
		{412E46BD-A970-4AED-AAA0-504791DF3AAA}.Ad-Hoc|Any CPU.Build.0 = Release|Any CPU
		{412E46BD-A970-4AED-AAA0-504791DF3AAA}.Ad-Hoc|Any CPU.Deploy.0 = Release|Any CPU
		{412E46BD-A970-4AED-AAA0-504791DF3AAA}.Ad-Hoc|ARM.ActiveCfg = Release|Any CPU
		{412E46BD-A970-4AED-AAA0-504791DF3AAA}.Ad-Hoc|ARM.Build.0 = Release|Any CPU
		{412E46BD-A970-4AED-AAA0-504791DF3AAA}.Ad-Hoc|ARM.Deploy.0 = Release|Any CPU
		{412E46BD-A970-4AED-AAA0-504791DF3AAA}.Ad-Hoc|iPhone.ActiveCfg = Release|Any CPU
		{412E46BD-A970-4AED-AAA0-504791DF3AAA}.Ad-Hoc|iPhone.Build.0 = Release|Any CPU
		{412E46BD-A970-4AED-AAA0-504791DF3AAA}.Ad-Hoc|iPhone.Deploy.0 = Release|Any CPU
		{412E46BD-A970-4AED-AAA0-504791DF3AAA}.Ad-Hoc|iPhoneSimulator.ActiveCfg = Release|Any CPU
		{412E46BD-A970-4AED-AAA0-504791DF3AAA}.Ad-Hoc|iPhoneSimulator.Build.0 = Release|Any CPU
		{412E46BD-A970-4AED-AAA0-504791DF3AAA}.Ad-Hoc|iPhoneSimulator.Deploy.0 = Release|Any CPU
		{412E46BD-A970-4AED-AAA0-504791DF3AAA}.Ad-Hoc|x64.ActiveCfg = Release|Any CPU
		{412E46BD-A970-4AED-AAA0-504791DF3AAA}.Ad-Hoc|x64.Build.0 = Release|Any CPU
		{412E46BD-A970-4AED-AAA0-504791DF3AAA}.Ad-Hoc|x64.Deploy.0 = Release|Any CPU
		{412E46BD-A970-4AED-AAA0-504791DF3AAA}.Ad-Hoc|x86.ActiveCfg = Release|Any CPU
		{412E46BD-A970-4AED-AAA0-504791DF3AAA}.Ad-Hoc|x86.Build.0 = Release|Any CPU
		{412E46BD-A970-4AED-AAA0-504791DF3AAA}.Ad-Hoc|x86.Deploy.0 = Release|Any CPU
		{412E46BD-A970-4AED-AAA0-504791DF3AAA}.AppStore|Any CPU.ActiveCfg = Release|Any CPU
		{412E46BD-A970-4AED-AAA0-504791DF3AAA}.AppStore|Any CPU.Build.0 = Release|Any CPU
		{412E46BD-A970-4AED-AAA0-504791DF3AAA}.AppStore|Any CPU.Deploy.0 = Release|Any CPU
		{412E46BD-A970-4AED-AAA0-504791DF3AAA}.AppStore|ARM.ActiveCfg = Release|Any CPU
		{412E46BD-A970-4AED-AAA0-504791DF3AAA}.AppStore|ARM.Build.0 = Release|Any CPU
		{412E46BD-A970-4AED-AAA0-504791DF3AAA}.AppStore|ARM.Deploy.0 = Release|Any CPU
		{412E46BD-A970-4AED-AAA0-504791DF3AAA}.AppStore|iPhone.ActiveCfg = Release|Any CPU
		{412E46BD-A970-4AED-AAA0-504791DF3AAA}.AppStore|iPhone.Build.0 = Release|Any CPU
		{412E46BD-A970-4AED-AAA0-504791DF3AAA}.AppStore|iPhone.Deploy.0 = Release|Any CPU
		{412E46BD-A970-4AED-AAA0-504791DF3AAA}.AppStore|iPhoneSimulator.ActiveCfg = Release|Any CPU
		{412E46BD-A970-4AED-AAA0-504791DF3AAA}.AppStore|iPhoneSimulator.Build.0 = Release|Any CPU
		{412E46BD-A970-4AED-AAA0-504791DF3AAA}.AppStore|iPhoneSimulator.Deploy.0 = Release|Any CPU
		{412E46BD-A970-4AED-AAA0-504791DF3AAA}.AppStore|x64.ActiveCfg = Release|Any CPU
		{412E46BD-A970-4AED-AAA0-504791DF3AAA}.AppStore|x64.Build.0 = Release|Any CPU
		{412E46BD-A970-4AED-AAA0-504791DF3AAA}.AppStore|x64.Deploy.0 = Release|Any CPU
		{412E46BD-A970-4AED-AAA0-504791DF3AAA}.AppStore|x86.ActiveCfg = Release|Any CPU
		{412E46BD-A970-4AED-AAA0-504791DF3AAA}.AppStore|x86.Build.0 = Release|Any CPU
		{412E46BD-A970-4AED-AAA0-504791DF3AAA}.AppStore|x86.Deploy.0 = Release|Any CPU
		{412E46BD-A970-4AED-AAA0-504791DF3AAA}.Debug|Any CPU.ActiveCfg = Debug|Any CPU
		{412E46BD-A970-4AED-AAA0-504791DF3AAA}.Debug|Any CPU.Build.0 = Debug|Any CPU
		{412E46BD-A970-4AED-AAA0-504791DF3AAA}.Debug|Any CPU.Deploy.0 = Debug|Any CPU
		{412E46BD-A970-4AED-AAA0-504791DF3AAA}.Debug|ARM.ActiveCfg = Debug|Any CPU
		{412E46BD-A970-4AED-AAA0-504791DF3AAA}.Debug|ARM.Build.0 = Debug|Any CPU
		{412E46BD-A970-4AED-AAA0-504791DF3AAA}.Debug|ARM.Deploy.0 = Debug|Any CPU
		{412E46BD-A970-4AED-AAA0-504791DF3AAA}.Debug|iPhone.ActiveCfg = Debug|Any CPU
		{412E46BD-A970-4AED-AAA0-504791DF3AAA}.Debug|iPhone.Build.0 = Debug|Any CPU
		{412E46BD-A970-4AED-AAA0-504791DF3AAA}.Debug|iPhone.Deploy.0 = Debug|Any CPU
		{412E46BD-A970-4AED-AAA0-504791DF3AAA}.Debug|iPhoneSimulator.ActiveCfg = Debug|Any CPU
		{412E46BD-A970-4AED-AAA0-504791DF3AAA}.Debug|iPhoneSimulator.Build.0 = Debug|Any CPU
		{412E46BD-A970-4AED-AAA0-504791DF3AAA}.Debug|iPhoneSimulator.Deploy.0 = Debug|Any CPU
		{412E46BD-A970-4AED-AAA0-504791DF3AAA}.Debug|x64.ActiveCfg = Debug|Any CPU
		{412E46BD-A970-4AED-AAA0-504791DF3AAA}.Debug|x64.Build.0 = Debug|Any CPU
		{412E46BD-A970-4AED-AAA0-504791DF3AAA}.Debug|x64.Deploy.0 = Debug|Any CPU
		{412E46BD-A970-4AED-AAA0-504791DF3AAA}.Debug|x86.ActiveCfg = Debug|Any CPU
		{412E46BD-A970-4AED-AAA0-504791DF3AAA}.Debug|x86.Build.0 = Debug|Any CPU
		{412E46BD-A970-4AED-AAA0-504791DF3AAA}.Debug|x86.Deploy.0 = Debug|Any CPU
		{412E46BD-A970-4AED-AAA0-504791DF3AAA}.Release|Any CPU.ActiveCfg = Release|Any CPU
		{412E46BD-A970-4AED-AAA0-504791DF3AAA}.Release|Any CPU.Build.0 = Release|Any CPU
		{412E46BD-A970-4AED-AAA0-504791DF3AAA}.Release|Any CPU.Deploy.0 = Release|Any CPU
		{412E46BD-A970-4AED-AAA0-504791DF3AAA}.Release|ARM.ActiveCfg = Release|Any CPU
		{412E46BD-A970-4AED-AAA0-504791DF3AAA}.Release|ARM.Build.0 = Release|Any CPU
		{412E46BD-A970-4AED-AAA0-504791DF3AAA}.Release|ARM.Deploy.0 = Release|Any CPU
		{412E46BD-A970-4AED-AAA0-504791DF3AAA}.Release|iPhone.ActiveCfg = Release|Any CPU
		{412E46BD-A970-4AED-AAA0-504791DF3AAA}.Release|iPhone.Build.0 = Release|Any CPU
		{412E46BD-A970-4AED-AAA0-504791DF3AAA}.Release|iPhone.Deploy.0 = Release|Any CPU
		{412E46BD-A970-4AED-AAA0-504791DF3AAA}.Release|iPhoneSimulator.ActiveCfg = Release|Any CPU
		{412E46BD-A970-4AED-AAA0-504791DF3AAA}.Release|iPhoneSimulator.Build.0 = Release|Any CPU
		{412E46BD-A970-4AED-AAA0-504791DF3AAA}.Release|iPhoneSimulator.Deploy.0 = Release|Any CPU
		{412E46BD-A970-4AED-AAA0-504791DF3AAA}.Release|x64.ActiveCfg = Release|Any CPU
		{412E46BD-A970-4AED-AAA0-504791DF3AAA}.Release|x64.Build.0 = Release|Any CPU
		{412E46BD-A970-4AED-AAA0-504791DF3AAA}.Release|x64.Deploy.0 = Release|Any CPU
		{412E46BD-A970-4AED-AAA0-504791DF3AAA}.Release|x86.ActiveCfg = Release|Any CPU
		{412E46BD-A970-4AED-AAA0-504791DF3AAA}.Release|x86.Build.0 = Release|Any CPU
		{412E46BD-A970-4AED-AAA0-504791DF3AAA}.Release|x86.Deploy.0 = Release|Any CPU
		{6D0B74BE-7C37-426E-9317-9C584306B7A2}.Ad-Hoc|Any CPU.ActiveCfg = Ad-Hoc|iPhone
		{6D0B74BE-7C37-426E-9317-9C584306B7A2}.Ad-Hoc|Any CPU.Build.0 = Ad-Hoc|iPhone
		{6D0B74BE-7C37-426E-9317-9C584306B7A2}.Ad-Hoc|Any CPU.Deploy.0 = Ad-Hoc|iPhone
		{6D0B74BE-7C37-426E-9317-9C584306B7A2}.Ad-Hoc|ARM.ActiveCfg = Ad-Hoc|iPhone
		{6D0B74BE-7C37-426E-9317-9C584306B7A2}.Ad-Hoc|ARM.Build.0 = Ad-Hoc|iPhone
		{6D0B74BE-7C37-426E-9317-9C584306B7A2}.Ad-Hoc|ARM.Deploy.0 = Ad-Hoc|iPhone
		{6D0B74BE-7C37-426E-9317-9C584306B7A2}.Ad-Hoc|iPhone.ActiveCfg = Ad-Hoc|iPhone
		{6D0B74BE-7C37-426E-9317-9C584306B7A2}.Ad-Hoc|iPhone.Build.0 = Ad-Hoc|iPhone
		{6D0B74BE-7C37-426E-9317-9C584306B7A2}.Ad-Hoc|iPhone.Deploy.0 = Ad-Hoc|iPhone
		{6D0B74BE-7C37-426E-9317-9C584306B7A2}.Ad-Hoc|iPhoneSimulator.ActiveCfg = Ad-Hoc|iPhoneSimulator
		{6D0B74BE-7C37-426E-9317-9C584306B7A2}.Ad-Hoc|iPhoneSimulator.Build.0 = Ad-Hoc|iPhoneSimulator
		{6D0B74BE-7C37-426E-9317-9C584306B7A2}.Ad-Hoc|iPhoneSimulator.Deploy.0 = Ad-Hoc|iPhoneSimulator
		{6D0B74BE-7C37-426E-9317-9C584306B7A2}.Ad-Hoc|x64.ActiveCfg = Ad-Hoc|iPhone
		{6D0B74BE-7C37-426E-9317-9C584306B7A2}.Ad-Hoc|x64.Build.0 = Ad-Hoc|iPhone
		{6D0B74BE-7C37-426E-9317-9C584306B7A2}.Ad-Hoc|x64.Deploy.0 = Ad-Hoc|iPhone
		{6D0B74BE-7C37-426E-9317-9C584306B7A2}.Ad-Hoc|x86.ActiveCfg = Ad-Hoc|iPhone
		{6D0B74BE-7C37-426E-9317-9C584306B7A2}.Ad-Hoc|x86.Build.0 = Ad-Hoc|iPhone
		{6D0B74BE-7C37-426E-9317-9C584306B7A2}.Ad-Hoc|x86.Deploy.0 = Ad-Hoc|iPhone
		{6D0B74BE-7C37-426E-9317-9C584306B7A2}.AppStore|Any CPU.ActiveCfg = AppStore|iPhone
		{6D0B74BE-7C37-426E-9317-9C584306B7A2}.AppStore|Any CPU.Build.0 = AppStore|iPhone
		{6D0B74BE-7C37-426E-9317-9C584306B7A2}.AppStore|Any CPU.Deploy.0 = AppStore|iPhone
		{6D0B74BE-7C37-426E-9317-9C584306B7A2}.AppStore|ARM.ActiveCfg = AppStore|iPhone
		{6D0B74BE-7C37-426E-9317-9C584306B7A2}.AppStore|ARM.Build.0 = AppStore|iPhone
		{6D0B74BE-7C37-426E-9317-9C584306B7A2}.AppStore|ARM.Deploy.0 = AppStore|iPhone
		{6D0B74BE-7C37-426E-9317-9C584306B7A2}.AppStore|iPhone.ActiveCfg = AppStore|iPhone
		{6D0B74BE-7C37-426E-9317-9C584306B7A2}.AppStore|iPhone.Build.0 = AppStore|iPhone
		{6D0B74BE-7C37-426E-9317-9C584306B7A2}.AppStore|iPhone.Deploy.0 = AppStore|iPhone
		{6D0B74BE-7C37-426E-9317-9C584306B7A2}.AppStore|iPhoneSimulator.ActiveCfg = AppStore|iPhoneSimulator
		{6D0B74BE-7C37-426E-9317-9C584306B7A2}.AppStore|iPhoneSimulator.Build.0 = AppStore|iPhoneSimulator
		{6D0B74BE-7C37-426E-9317-9C584306B7A2}.AppStore|iPhoneSimulator.Deploy.0 = AppStore|iPhoneSimulator
		{6D0B74BE-7C37-426E-9317-9C584306B7A2}.AppStore|x64.ActiveCfg = AppStore|iPhone
		{6D0B74BE-7C37-426E-9317-9C584306B7A2}.AppStore|x64.Build.0 = AppStore|iPhone
		{6D0B74BE-7C37-426E-9317-9C584306B7A2}.AppStore|x64.Deploy.0 = AppStore|iPhone
		{6D0B74BE-7C37-426E-9317-9C584306B7A2}.AppStore|x86.ActiveCfg = AppStore|iPhone
		{6D0B74BE-7C37-426E-9317-9C584306B7A2}.AppStore|x86.Build.0 = AppStore|iPhone
		{6D0B74BE-7C37-426E-9317-9C584306B7A2}.AppStore|x86.Deploy.0 = AppStore|iPhone
		{6D0B74BE-7C37-426E-9317-9C584306B7A2}.Debug|Any CPU.ActiveCfg = Debug|iPhoneSimulator
		{6D0B74BE-7C37-426E-9317-9C584306B7A2}.Debug|Any CPU.Build.0 = Debug|iPhoneSimulator
		{6D0B74BE-7C37-426E-9317-9C584306B7A2}.Debug|Any CPU.Deploy.0 = Debug|iPhoneSimulator
		{6D0B74BE-7C37-426E-9317-9C584306B7A2}.Debug|ARM.ActiveCfg = Debug|iPhone
		{6D0B74BE-7C37-426E-9317-9C584306B7A2}.Debug|ARM.Build.0 = Debug|iPhone
		{6D0B74BE-7C37-426E-9317-9C584306B7A2}.Debug|ARM.Deploy.0 = Debug|iPhone
		{6D0B74BE-7C37-426E-9317-9C584306B7A2}.Debug|iPhone.ActiveCfg = Debug|iPhone
		{6D0B74BE-7C37-426E-9317-9C584306B7A2}.Debug|iPhone.Build.0 = Debug|iPhone
		{6D0B74BE-7C37-426E-9317-9C584306B7A2}.Debug|iPhone.Deploy.0 = Debug|iPhone
		{6D0B74BE-7C37-426E-9317-9C584306B7A2}.Debug|iPhoneSimulator.ActiveCfg = Debug|iPhoneSimulator
		{6D0B74BE-7C37-426E-9317-9C584306B7A2}.Debug|iPhoneSimulator.Build.0 = Debug|iPhoneSimulator
		{6D0B74BE-7C37-426E-9317-9C584306B7A2}.Debug|iPhoneSimulator.Deploy.0 = Debug|iPhoneSimulator
		{6D0B74BE-7C37-426E-9317-9C584306B7A2}.Debug|x64.ActiveCfg = Debug|iPhone
		{6D0B74BE-7C37-426E-9317-9C584306B7A2}.Debug|x64.Build.0 = Debug|iPhone
		{6D0B74BE-7C37-426E-9317-9C584306B7A2}.Debug|x64.Deploy.0 = Debug|iPhone
		{6D0B74BE-7C37-426E-9317-9C584306B7A2}.Debug|x86.ActiveCfg = Debug|iPhone
		{6D0B74BE-7C37-426E-9317-9C584306B7A2}.Debug|x86.Build.0 = Debug|iPhone
		{6D0B74BE-7C37-426E-9317-9C584306B7A2}.Debug|x86.Deploy.0 = Debug|iPhone
		{6D0B74BE-7C37-426E-9317-9C584306B7A2}.Release|Any CPU.ActiveCfg = Release|iPhone
		{6D0B74BE-7C37-426E-9317-9C584306B7A2}.Release|Any CPU.Build.0 = Release|iPhone
		{6D0B74BE-7C37-426E-9317-9C584306B7A2}.Release|Any CPU.Deploy.0 = Release|iPhone
		{6D0B74BE-7C37-426E-9317-9C584306B7A2}.Release|ARM.ActiveCfg = Release|iPhone
		{6D0B74BE-7C37-426E-9317-9C584306B7A2}.Release|ARM.Build.0 = Release|iPhone
		{6D0B74BE-7C37-426E-9317-9C584306B7A2}.Release|ARM.Deploy.0 = Release|iPhone
		{6D0B74BE-7C37-426E-9317-9C584306B7A2}.Release|iPhone.ActiveCfg = Release|iPhone
		{6D0B74BE-7C37-426E-9317-9C584306B7A2}.Release|iPhone.Build.0 = Release|iPhone
		{6D0B74BE-7C37-426E-9317-9C584306B7A2}.Release|iPhone.Deploy.0 = Release|iPhone
		{6D0B74BE-7C37-426E-9317-9C584306B7A2}.Release|iPhoneSimulator.ActiveCfg = Release|iPhoneSimulator
		{6D0B74BE-7C37-426E-9317-9C584306B7A2}.Release|iPhoneSimulator.Build.0 = Release|iPhoneSimulator
		{6D0B74BE-7C37-426E-9317-9C584306B7A2}.Release|iPhoneSimulator.Deploy.0 = Release|iPhoneSimulator
		{6D0B74BE-7C37-426E-9317-9C584306B7A2}.Release|x64.ActiveCfg = Release|iPhone
		{6D0B74BE-7C37-426E-9317-9C584306B7A2}.Release|x64.Build.0 = Release|iPhone
		{6D0B74BE-7C37-426E-9317-9C584306B7A2}.Release|x64.Deploy.0 = Release|iPhone
		{6D0B74BE-7C37-426E-9317-9C584306B7A2}.Release|x86.ActiveCfg = Release|iPhone
		{6D0B74BE-7C37-426E-9317-9C584306B7A2}.Release|x86.Build.0 = Release|iPhone
		{6D0B74BE-7C37-426E-9317-9C584306B7A2}.Release|x86.Deploy.0 = Release|iPhone
		{31447CC8-4695-419F-8422-213BDF903D11}.Ad-Hoc|Any CPU.ActiveCfg = Release|x86
		{31447CC8-4695-419F-8422-213BDF903D11}.Ad-Hoc|Any CPU.Build.0 = Release|x86
		{31447CC8-4695-419F-8422-213BDF903D11}.Ad-Hoc|Any CPU.Deploy.0 = Release|x86
		{31447CC8-4695-419F-8422-213BDF903D11}.Ad-Hoc|ARM.ActiveCfg = Release|ARM
		{31447CC8-4695-419F-8422-213BDF903D11}.Ad-Hoc|ARM.Build.0 = Release|ARM
		{31447CC8-4695-419F-8422-213BDF903D11}.Ad-Hoc|ARM.Deploy.0 = Release|ARM
		{31447CC8-4695-419F-8422-213BDF903D11}.Ad-Hoc|iPhone.ActiveCfg = Release|x86
		{31447CC8-4695-419F-8422-213BDF903D11}.Ad-Hoc|iPhone.Build.0 = Release|x86
		{31447CC8-4695-419F-8422-213BDF903D11}.Ad-Hoc|iPhone.Deploy.0 = Release|x86
		{31447CC8-4695-419F-8422-213BDF903D11}.Ad-Hoc|iPhoneSimulator.ActiveCfg = Release|x86
		{31447CC8-4695-419F-8422-213BDF903D11}.Ad-Hoc|iPhoneSimulator.Build.0 = Release|x86
		{31447CC8-4695-419F-8422-213BDF903D11}.Ad-Hoc|iPhoneSimulator.Deploy.0 = Release|x86
		{31447CC8-4695-419F-8422-213BDF903D11}.Ad-Hoc|x64.ActiveCfg = Release|x64
		{31447CC8-4695-419F-8422-213BDF903D11}.Ad-Hoc|x64.Build.0 = Release|x64
		{31447CC8-4695-419F-8422-213BDF903D11}.Ad-Hoc|x64.Deploy.0 = Release|x64
		{31447CC8-4695-419F-8422-213BDF903D11}.Ad-Hoc|x86.ActiveCfg = Release|x86
		{31447CC8-4695-419F-8422-213BDF903D11}.Ad-Hoc|x86.Build.0 = Release|x86
		{31447CC8-4695-419F-8422-213BDF903D11}.Ad-Hoc|x86.Deploy.0 = Release|x86
		{31447CC8-4695-419F-8422-213BDF903D11}.AppStore|Any CPU.ActiveCfg = Release|x86
		{31447CC8-4695-419F-8422-213BDF903D11}.AppStore|Any CPU.Build.0 = Release|x86
		{31447CC8-4695-419F-8422-213BDF903D11}.AppStore|Any CPU.Deploy.0 = Release|x86
		{31447CC8-4695-419F-8422-213BDF903D11}.AppStore|ARM.ActiveCfg = Release|ARM
		{31447CC8-4695-419F-8422-213BDF903D11}.AppStore|ARM.Build.0 = Release|ARM
		{31447CC8-4695-419F-8422-213BDF903D11}.AppStore|ARM.Deploy.0 = Release|ARM
		{31447CC8-4695-419F-8422-213BDF903D11}.AppStore|iPhone.ActiveCfg = Release|x86
		{31447CC8-4695-419F-8422-213BDF903D11}.AppStore|iPhone.Build.0 = Release|x86
		{31447CC8-4695-419F-8422-213BDF903D11}.AppStore|iPhone.Deploy.0 = Release|x86
		{31447CC8-4695-419F-8422-213BDF903D11}.AppStore|iPhoneSimulator.ActiveCfg = Release|x86
		{31447CC8-4695-419F-8422-213BDF903D11}.AppStore|iPhoneSimulator.Build.0 = Release|x86
		{31447CC8-4695-419F-8422-213BDF903D11}.AppStore|iPhoneSimulator.Deploy.0 = Release|x86
		{31447CC8-4695-419F-8422-213BDF903D11}.AppStore|x64.ActiveCfg = Release|x64
		{31447CC8-4695-419F-8422-213BDF903D11}.AppStore|x64.Build.0 = Release|x64
		{31447CC8-4695-419F-8422-213BDF903D11}.AppStore|x64.Deploy.0 = Release|x64
		{31447CC8-4695-419F-8422-213BDF903D11}.AppStore|x86.ActiveCfg = Release|x86
		{31447CC8-4695-419F-8422-213BDF903D11}.AppStore|x86.Build.0 = Release|x86
		{31447CC8-4695-419F-8422-213BDF903D11}.AppStore|x86.Deploy.0 = Release|x86
		{31447CC8-4695-419F-8422-213BDF903D11}.Debug|Any CPU.ActiveCfg = Debug|x86
		{31447CC8-4695-419F-8422-213BDF903D11}.Debug|Any CPU.Build.0 = Debug|x86
		{31447CC8-4695-419F-8422-213BDF903D11}.Debug|Any CPU.Deploy.0 = Debug|x86
		{31447CC8-4695-419F-8422-213BDF903D11}.Debug|ARM.ActiveCfg = Debug|ARM
		{31447CC8-4695-419F-8422-213BDF903D11}.Debug|ARM.Build.0 = Debug|ARM
		{31447CC8-4695-419F-8422-213BDF903D11}.Debug|ARM.Deploy.0 = Debug|ARM
		{31447CC8-4695-419F-8422-213BDF903D11}.Debug|iPhone.ActiveCfg = Debug|x86
		{31447CC8-4695-419F-8422-213BDF903D11}.Debug|iPhone.Build.0 = Debug|x86
		{31447CC8-4695-419F-8422-213BDF903D11}.Debug|iPhone.Deploy.0 = Debug|x86
		{31447CC8-4695-419F-8422-213BDF903D11}.Debug|iPhoneSimulator.ActiveCfg = Debug|x86
		{31447CC8-4695-419F-8422-213BDF903D11}.Debug|iPhoneSimulator.Build.0 = Debug|x86
		{31447CC8-4695-419F-8422-213BDF903D11}.Debug|iPhoneSimulator.Deploy.0 = Debug|x86
		{31447CC8-4695-419F-8422-213BDF903D11}.Debug|x64.ActiveCfg = Debug|x64
		{31447CC8-4695-419F-8422-213BDF903D11}.Debug|x64.Build.0 = Debug|x64
		{31447CC8-4695-419F-8422-213BDF903D11}.Debug|x64.Deploy.0 = Debug|x64
		{31447CC8-4695-419F-8422-213BDF903D11}.Debug|x86.ActiveCfg = Debug|x86
		{31447CC8-4695-419F-8422-213BDF903D11}.Debug|x86.Build.0 = Debug|x86
		{31447CC8-4695-419F-8422-213BDF903D11}.Debug|x86.Deploy.0 = Debug|x86
		{31447CC8-4695-419F-8422-213BDF903D11}.Release|Any CPU.ActiveCfg = Release|x86
		{31447CC8-4695-419F-8422-213BDF903D11}.Release|Any CPU.Build.0 = Release|x86
		{31447CC8-4695-419F-8422-213BDF903D11}.Release|Any CPU.Deploy.0 = Release|x86
		{31447CC8-4695-419F-8422-213BDF903D11}.Release|ARM.ActiveCfg = Release|ARM
		{31447CC8-4695-419F-8422-213BDF903D11}.Release|ARM.Build.0 = Release|ARM
		{31447CC8-4695-419F-8422-213BDF903D11}.Release|ARM.Deploy.0 = Release|ARM
		{31447CC8-4695-419F-8422-213BDF903D11}.Release|iPhone.ActiveCfg = Release|x86
		{31447CC8-4695-419F-8422-213BDF903D11}.Release|iPhone.Build.0 = Release|x86
		{31447CC8-4695-419F-8422-213BDF903D11}.Release|iPhone.Deploy.0 = Release|x86
		{31447CC8-4695-419F-8422-213BDF903D11}.Release|iPhoneSimulator.ActiveCfg = Release|x86
		{31447CC8-4695-419F-8422-213BDF903D11}.Release|iPhoneSimulator.Build.0 = Release|x86
		{31447CC8-4695-419F-8422-213BDF903D11}.Release|iPhoneSimulator.Deploy.0 = Release|x86
		{31447CC8-4695-419F-8422-213BDF903D11}.Release|x64.ActiveCfg = Release|x64
		{31447CC8-4695-419F-8422-213BDF903D11}.Release|x64.Build.0 = Release|x64
		{31447CC8-4695-419F-8422-213BDF903D11}.Release|x64.Deploy.0 = Release|x64
		{31447CC8-4695-419F-8422-213BDF903D11}.Release|x86.ActiveCfg = Release|x86
		{31447CC8-4695-419F-8422-213BDF903D11}.Release|x86.Build.0 = Release|x86
		{31447CC8-4695-419F-8422-213BDF903D11}.Release|x86.Deploy.0 = Release|x86
		{82CB67ED-1C51-45D6-A3B2-FBA9A83A6CF4}.Ad-Hoc|Any CPU.ActiveCfg = Debug|Any CPU
		{82CB67ED-1C51-45D6-A3B2-FBA9A83A6CF4}.Ad-Hoc|Any CPU.Build.0 = Debug|Any CPU
		{82CB67ED-1C51-45D6-A3B2-FBA9A83A6CF4}.Ad-Hoc|Any CPU.Deploy.0 = Debug|Any CPU
		{82CB67ED-1C51-45D6-A3B2-FBA9A83A6CF4}.Ad-Hoc|ARM.ActiveCfg = Debug|Any CPU
		{82CB67ED-1C51-45D6-A3B2-FBA9A83A6CF4}.Ad-Hoc|ARM.Build.0 = Debug|Any CPU
		{82CB67ED-1C51-45D6-A3B2-FBA9A83A6CF4}.Ad-Hoc|ARM.Deploy.0 = Debug|Any CPU
		{82CB67ED-1C51-45D6-A3B2-FBA9A83A6CF4}.Ad-Hoc|iPhone.ActiveCfg = Debug|Any CPU
		{82CB67ED-1C51-45D6-A3B2-FBA9A83A6CF4}.Ad-Hoc|iPhone.Build.0 = Debug|Any CPU
		{82CB67ED-1C51-45D6-A3B2-FBA9A83A6CF4}.Ad-Hoc|iPhone.Deploy.0 = Debug|Any CPU
		{82CB67ED-1C51-45D6-A3B2-FBA9A83A6CF4}.Ad-Hoc|iPhoneSimulator.ActiveCfg = Debug|Any CPU
		{82CB67ED-1C51-45D6-A3B2-FBA9A83A6CF4}.Ad-Hoc|iPhoneSimulator.Build.0 = Debug|Any CPU
		{82CB67ED-1C51-45D6-A3B2-FBA9A83A6CF4}.Ad-Hoc|iPhoneSimulator.Deploy.0 = Debug|Any CPU
		{82CB67ED-1C51-45D6-A3B2-FBA9A83A6CF4}.Ad-Hoc|x64.ActiveCfg = Debug|Any CPU
		{82CB67ED-1C51-45D6-A3B2-FBA9A83A6CF4}.Ad-Hoc|x64.Build.0 = Debug|Any CPU
		{82CB67ED-1C51-45D6-A3B2-FBA9A83A6CF4}.Ad-Hoc|x64.Deploy.0 = Debug|Any CPU
		{82CB67ED-1C51-45D6-A3B2-FBA9A83A6CF4}.Ad-Hoc|x86.ActiveCfg = Debug|Any CPU
		{82CB67ED-1C51-45D6-A3B2-FBA9A83A6CF4}.Ad-Hoc|x86.Build.0 = Debug|Any CPU
		{82CB67ED-1C51-45D6-A3B2-FBA9A83A6CF4}.Ad-Hoc|x86.Deploy.0 = Debug|Any CPU
		{82CB67ED-1C51-45D6-A3B2-FBA9A83A6CF4}.AppStore|Any CPU.ActiveCfg = Debug|Any CPU
		{82CB67ED-1C51-45D6-A3B2-FBA9A83A6CF4}.AppStore|Any CPU.Build.0 = Debug|Any CPU
		{82CB67ED-1C51-45D6-A3B2-FBA9A83A6CF4}.AppStore|Any CPU.Deploy.0 = Debug|Any CPU
		{82CB67ED-1C51-45D6-A3B2-FBA9A83A6CF4}.AppStore|ARM.ActiveCfg = Debug|Any CPU
		{82CB67ED-1C51-45D6-A3B2-FBA9A83A6CF4}.AppStore|ARM.Build.0 = Debug|Any CPU
		{82CB67ED-1C51-45D6-A3B2-FBA9A83A6CF4}.AppStore|ARM.Deploy.0 = Debug|Any CPU
		{82CB67ED-1C51-45D6-A3B2-FBA9A83A6CF4}.AppStore|iPhone.ActiveCfg = Debug|Any CPU
		{82CB67ED-1C51-45D6-A3B2-FBA9A83A6CF4}.AppStore|iPhone.Build.0 = Debug|Any CPU
		{82CB67ED-1C51-45D6-A3B2-FBA9A83A6CF4}.AppStore|iPhone.Deploy.0 = Debug|Any CPU
		{82CB67ED-1C51-45D6-A3B2-FBA9A83A6CF4}.AppStore|iPhoneSimulator.ActiveCfg = Debug|Any CPU
		{82CB67ED-1C51-45D6-A3B2-FBA9A83A6CF4}.AppStore|iPhoneSimulator.Build.0 = Debug|Any CPU
		{82CB67ED-1C51-45D6-A3B2-FBA9A83A6CF4}.AppStore|iPhoneSimulator.Deploy.0 = Debug|Any CPU
		{82CB67ED-1C51-45D6-A3B2-FBA9A83A6CF4}.AppStore|x64.ActiveCfg = Debug|Any CPU
		{82CB67ED-1C51-45D6-A3B2-FBA9A83A6CF4}.AppStore|x64.Build.0 = Debug|Any CPU
		{82CB67ED-1C51-45D6-A3B2-FBA9A83A6CF4}.AppStore|x64.Deploy.0 = Debug|Any CPU
		{82CB67ED-1C51-45D6-A3B2-FBA9A83A6CF4}.AppStore|x86.ActiveCfg = Debug|Any CPU
		{82CB67ED-1C51-45D6-A3B2-FBA9A83A6CF4}.AppStore|x86.Build.0 = Debug|Any CPU
		{82CB67ED-1C51-45D6-A3B2-FBA9A83A6CF4}.AppStore|x86.Deploy.0 = Debug|Any CPU
		{82CB67ED-1C51-45D6-A3B2-FBA9A83A6CF4}.Debug|Any CPU.ActiveCfg = Debug|Any CPU
		{82CB67ED-1C51-45D6-A3B2-FBA9A83A6CF4}.Debug|Any CPU.Build.0 = Debug|Any CPU
		{82CB67ED-1C51-45D6-A3B2-FBA9A83A6CF4}.Debug|Any CPU.Deploy.0 = Debug|Any CPU
		{82CB67ED-1C51-45D6-A3B2-FBA9A83A6CF4}.Debug|ARM.ActiveCfg = Debug|Any CPU
		{82CB67ED-1C51-45D6-A3B2-FBA9A83A6CF4}.Debug|ARM.Build.0 = Debug|Any CPU
		{82CB67ED-1C51-45D6-A3B2-FBA9A83A6CF4}.Debug|ARM.Deploy.0 = Debug|Any CPU
		{82CB67ED-1C51-45D6-A3B2-FBA9A83A6CF4}.Debug|iPhone.ActiveCfg = Debug|Any CPU
		{82CB67ED-1C51-45D6-A3B2-FBA9A83A6CF4}.Debug|iPhone.Build.0 = Debug|Any CPU
		{82CB67ED-1C51-45D6-A3B2-FBA9A83A6CF4}.Debug|iPhone.Deploy.0 = Debug|Any CPU
		{82CB67ED-1C51-45D6-A3B2-FBA9A83A6CF4}.Debug|iPhoneSimulator.ActiveCfg = Debug|Any CPU
		{82CB67ED-1C51-45D6-A3B2-FBA9A83A6CF4}.Debug|iPhoneSimulator.Build.0 = Debug|Any CPU
		{82CB67ED-1C51-45D6-A3B2-FBA9A83A6CF4}.Debug|iPhoneSimulator.Deploy.0 = Debug|Any CPU
		{82CB67ED-1C51-45D6-A3B2-FBA9A83A6CF4}.Debug|x64.ActiveCfg = Debug|Any CPU
		{82CB67ED-1C51-45D6-A3B2-FBA9A83A6CF4}.Debug|x64.Build.0 = Debug|Any CPU
		{82CB67ED-1C51-45D6-A3B2-FBA9A83A6CF4}.Debug|x64.Deploy.0 = Debug|Any CPU
		{82CB67ED-1C51-45D6-A3B2-FBA9A83A6CF4}.Debug|x86.ActiveCfg = Debug|Any CPU
		{82CB67ED-1C51-45D6-A3B2-FBA9A83A6CF4}.Debug|x86.Build.0 = Debug|Any CPU
		{82CB67ED-1C51-45D6-A3B2-FBA9A83A6CF4}.Debug|x86.Deploy.0 = Debug|Any CPU
		{82CB67ED-1C51-45D6-A3B2-FBA9A83A6CF4}.Release|Any CPU.ActiveCfg = Release|Any CPU
		{82CB67ED-1C51-45D6-A3B2-FBA9A83A6CF4}.Release|Any CPU.Build.0 = Release|Any CPU
		{82CB67ED-1C51-45D6-A3B2-FBA9A83A6CF4}.Release|Any CPU.Deploy.0 = Release|Any CPU
		{82CB67ED-1C51-45D6-A3B2-FBA9A83A6CF4}.Release|ARM.ActiveCfg = Release|Any CPU
		{82CB67ED-1C51-45D6-A3B2-FBA9A83A6CF4}.Release|ARM.Build.0 = Release|Any CPU
		{82CB67ED-1C51-45D6-A3B2-FBA9A83A6CF4}.Release|ARM.Deploy.0 = Release|Any CPU
		{82CB67ED-1C51-45D6-A3B2-FBA9A83A6CF4}.Release|iPhone.ActiveCfg = Release|Any CPU
		{82CB67ED-1C51-45D6-A3B2-FBA9A83A6CF4}.Release|iPhone.Build.0 = Release|Any CPU
		{82CB67ED-1C51-45D6-A3B2-FBA9A83A6CF4}.Release|iPhone.Deploy.0 = Release|Any CPU
		{82CB67ED-1C51-45D6-A3B2-FBA9A83A6CF4}.Release|iPhoneSimulator.ActiveCfg = Release|Any CPU
		{82CB67ED-1C51-45D6-A3B2-FBA9A83A6CF4}.Release|iPhoneSimulator.Build.0 = Release|Any CPU
		{82CB67ED-1C51-45D6-A3B2-FBA9A83A6CF4}.Release|iPhoneSimulator.Deploy.0 = Release|Any CPU
		{82CB67ED-1C51-45D6-A3B2-FBA9A83A6CF4}.Release|x64.ActiveCfg = Release|Any CPU
		{82CB67ED-1C51-45D6-A3B2-FBA9A83A6CF4}.Release|x64.Build.0 = Release|Any CPU
		{82CB67ED-1C51-45D6-A3B2-FBA9A83A6CF4}.Release|x64.Deploy.0 = Release|Any CPU
		{82CB67ED-1C51-45D6-A3B2-FBA9A83A6CF4}.Release|x86.ActiveCfg = Release|Any CPU
		{82CB67ED-1C51-45D6-A3B2-FBA9A83A6CF4}.Release|x86.Build.0 = Release|Any CPU
		{82CB67ED-1C51-45D6-A3B2-FBA9A83A6CF4}.Release|x86.Deploy.0 = Release|Any CPU
	EndGlobalSection
	GlobalSection(SolutionProperties) = preSolution
		HideSolutionNode = FALSE
	EndGlobalSection
	GlobalSection(ExtensibilityGlobals) = postSolution
		SolutionGuid = {76C3D1DC-F0E3-49FF-AF09-C1DAFB81ADA3}
	EndGlobalSection
EndGlobal
